
Microsoft Visual Studio Solution File, Format Version 12.00
# Visual Studio Version 16
VisualStudioVersion = 16.0.28803.156
MinimumVisualStudioVersion = 10.0.40219.1
Project("{FAE04EC0-301F-11D3-BF4B-00C04F79EFBC}") = "服务器端Server(VS2019)", "服务器端Server(VS2019)\服务器端Server(VS2019).csproj", "{15EE8456-6CD6-4923-8D7E-A4B93312DB18}"
EndProject
Global
	GlobalSection(SolutionConfigurationPlatforms) = preSolution
		Debug|Any CPU = Debug|Any CPU
		Release|Any CPU = Release|Any CPU
	EndGlobalSection
	GlobalSection(ProjectConfigurationPlatforms) = postSolution
		{15EE8456-6CD6-4923-8D7E-A4B93312DB18}.Debug|Any CPU.ActiveCfg = Debug|Any CPU
		{15EE8456-6CD6-4923-8D7E-A4B93312DB18}.Debug|Any CPU.Build.0 = Debug|Any CPU
		{15EE8456-6CD6-4923-8D7E-A4B93312DB18}.Release|Any CPU.ActiveCfg = Release|Any CPU
		{15EE8456-6CD6-4923-8D7E-A4B93312DB18}.Release|Any CPU.Build.0 = Release|Any CPU
	EndGlobalSection
	GlobalSection(SolutionProperties) = preSolution
		HideSolutionNode = FALSE
	EndGlobalSection
	GlobalSection(ExtensibilityGlobals) = postSolution
		SolutionGuid = {F3C3AB56-182E-47E4-A7FD-FC78CE96E926}
	EndGlobalSection
EndGlobal
